
Microsoft Visual Studio Solution File, Format Version 12.00
# Visual Studio 15
VisualStudioVersion = 15.0.28307.271
MinimumVisualStudioVersion = 10.0.40219.1
Project("{FAE04EC0-301F-11D3-BF4B-00C04F79EFBC}") = "PrimerParcial", "PrimerParcial\PrimerParcial.csproj", "{9ABD7E5C-6EF4-4084-B12F-7E45BE6AB649}"
EndProject
Project("{FAE04EC0-301F-11D3-BF4B-00C04F79EFBC}") = "PrimerParcial.Tests", "PrimerParcial.Tests\PrimerParcial.Tests.csproj", "{CD208FBF-CF9D-4523-93EA-4CA4016DDF31}"
EndProject
Global
	GlobalSection(SolutionConfigurationPlatforms) = preSolution
		Debug|Any CPU = Debug|Any CPU
		Release|Any CPU = Release|Any CPU
	EndGlobalSection
	GlobalSection(ProjectConfigurationPlatforms) = postSolution
		{9ABD7E5C-6EF4-4084-B12F-7E45BE6AB649}.Debug|Any CPU.ActiveCfg = Debug|Any CPU
		{9ABD7E5C-6EF4-4084-B12F-7E45BE6AB649}.Debug|Any CPU.Build.0 = Debug|Any CPU
		{9ABD7E5C-6EF4-4084-B12F-7E45BE6AB649}.Release|Any CPU.ActiveCfg = Release|Any CPU
		{9ABD7E5C-6EF4-4084-B12F-7E45BE6AB649}.Release|Any CPU.Build.0 = Release|Any CPU
		{CD208FBF-CF9D-4523-93EA-4CA4016DDF31}.Debug|Any CPU.ActiveCfg = Debug|Any CPU
		{CD208FBF-CF9D-4523-93EA-4CA4016DDF31}.Debug|Any CPU.Build.0 = Debug|Any CPU
		{CD208FBF-CF9D-4523-93EA-4CA4016DDF31}.Release|Any CPU.ActiveCfg = Release|Any CPU
		{CD208FBF-CF9D-4523-93EA-4CA4016DDF31}.Release|Any CPU.Build.0 = Release|Any CPU
	EndGlobalSection
	GlobalSection(SolutionProperties) = preSolution
		HideSolutionNode = FALSE
	EndGlobalSection
	GlobalSection(ExtensibilityGlobals) = postSolution
		SolutionGuid = {1E91D515-82B5-42B3-8E6E-7A4ACB7EF30E}
	EndGlobalSection
EndGlobal
